
Microsoft Visual Studio Solution File, Format Version 12.00
Project("{FAE04EC0-301F-11D3-BF4B-00C04F79EFBC}") = "RazorBlade.Analyzers", "RazorBlade.Analyzers\RazorBlade.Analyzers.csproj", "{F94996B6-EC52-4CAD-8E0B-2CB7B97DE31A}"
EndProject
Project("{FAE04EC0-301F-11D3-BF4B-00C04F79EFBC}") = "RazorBlade", "RazorBlade\RazorBlade.csproj", "{1280633E-E181-4E53-9819-2B0A0AC07A7E}"
EndProject
Project("{2150E333-8FDC-42A3-9474-1A3956D46DE8}") = "Build", "Build", "{12E535CC-9AAC-4EEC-92BC-87A9325577B8}"
	ProjectSection(SolutionItems) = preProject
		Directory.Build.props = Directory.Build.props
		Directory.Build.targets = Directory.Build.targets
		..\README.md = ..\README.md
		NuGetReadme.md = NuGetReadme.md
		..\.github\workflows\build.yml = ..\.github\workflows\build.yml
	EndProjectSection
EndProject
Project("{FAE04EC0-301F-11D3-BF4B-00C04F79EFBC}") = "RazorBlade.IntegrationTest", "RazorBlade.IntegrationTest\RazorBlade.IntegrationTest.csproj", "{2FE5A803-86C8-42D2-A0DB-61D156DB6EB9}"
EndProject
Project("{FAE04EC0-301F-11D3-BF4B-00C04F79EFBC}") = "RazorBlade.Tests", "RazorBlade.Tests\RazorBlade.Tests.csproj", "{4013CD72-9A23-4796-9C8D-1AB6B082D01E}"
EndProject
Project("{FAE04EC0-301F-11D3-BF4B-00C04F79EFBC}") = "RazorBlade.Analyzers.Tests", "RazorBlade.Analyzers.Tests\RazorBlade.Analyzers.Tests.csproj", "{8D894247-5CD6-43CC-854A-313E50BE1644}"
EndProject
Project("{FAE04EC0-301F-11D3-BF4B-00C04F79EFBC}") = "RazorBlade.MetaAnalyzers", "RazorBlade.MetaAnalyzers\RazorBlade.MetaAnalyzers.csproj", "{9642C21E-ACEC-4B29-BF7B-EBE53F63A539}"
EndProject
Project("{FAE04EC0-301F-11D3-BF4B-00C04F79EFBC}") = "RazorBlade.Library", "RazorBlade.Library\RazorBlade.Library.csproj", "{903A01F6-11D3-482E-9260-97202ABE33E1}"
EndProject
Project("{FAE04EC0-301F-11D3-BF4B-00C04F79EFBC}") = "RazorBlade.IntegrationTest.Embedded", "RazorBlade.IntegrationTest.Embedded\RazorBlade.IntegrationTest.Embedded.csproj", "{B4D42B3B-434D-4899-A17F-1B53AA7A94D0}"
EndProject
Global
	GlobalSection(SolutionConfigurationPlatforms) = preSolution
		Debug|Any CPU = Debug|Any CPU
		Release|Any CPU = Release|Any CPU
	EndGlobalSection
	GlobalSection(ProjectConfigurationPlatforms) = postSolution
		{1280633E-E181-4E53-9819-2B0A0AC07A7E}.Debug|Any CPU.ActiveCfg = Debug|Any CPU
		{1280633E-E181-4E53-9819-2B0A0AC07A7E}.Debug|Any CPU.Build.0 = Debug|Any CPU
		{1280633E-E181-4E53-9819-2B0A0AC07A7E}.Release|Any CPU.ActiveCfg = Release|Any CPU
		{1280633E-E181-4E53-9819-2B0A0AC07A7E}.Release|Any CPU.Build.0 = Release|Any CPU
		{F94996B6-EC52-4CAD-8E0B-2CB7B97DE31A}.Debug|Any CPU.ActiveCfg = Debug|Any CPU
		{F94996B6-EC52-4CAD-8E0B-2CB7B97DE31A}.Debug|Any CPU.Build.0 = Debug|Any CPU
		{F94996B6-EC52-4CAD-8E0B-2CB7B97DE31A}.Release|Any CPU.ActiveCfg = Release|Any CPU
		{F94996B6-EC52-4CAD-8E0B-2CB7B97DE31A}.Release|Any CPU.Build.0 = Release|Any CPU
		{2FE5A803-86C8-42D2-A0DB-61D156DB6EB9}.Debug|Any CPU.ActiveCfg = Debug|Any CPU
		{2FE5A803-86C8-42D2-A0DB-61D156DB6EB9}.Debug|Any CPU.Build.0 = Debug|Any CPU
		{2FE5A803-86C8-42D2-A0DB-61D156DB6EB9}.Release|Any CPU.ActiveCfg = Release|Any CPU
		{2FE5A803-86C8-42D2-A0DB-61D156DB6EB9}.Release|Any CPU.Build.0 = Release|Any CPU
		{4013CD72-9A23-4796-9C8D-1AB6B082D01E}.Debug|Any CPU.ActiveCfg = Debug|Any CPU
		{4013CD72-9A23-4796-9C8D-1AB6B082D01E}.Debug|Any CPU.Build.0 = Debug|Any CPU
		{4013CD72-9A23-4796-9C8D-1AB6B082D01E}.Release|Any CPU.ActiveCfg = Release|Any CPU
		{4013CD72-9A23-4796-9C8D-1AB6B082D01E}.Release|Any CPU.Build.0 = Release|Any CPU
		{8D894247-5CD6-43CC-854A-313E50BE1644}.Debug|Any CPU.ActiveCfg = Debug|Any CPU
		{8D894247-5CD6-43CC-854A-313E50BE1644}.Debug|Any CPU.Build.0 = Debug|Any CPU
		{8D894247-5CD6-43CC-854A-313E50BE1644}.Release|Any CPU.ActiveCfg = Release|Any CPU
		{8D894247-5CD6-43CC-854A-313E50BE1644}.Release|Any CPU.Build.0 = Release|Any CPU
		{9642C21E-ACEC-4B29-BF7B-EBE53F63A539}.Debug|Any CPU.ActiveCfg = Debug|Any CPU
		{9642C21E-ACEC-4B29-BF7B-EBE53F63A539}.Debug|Any CPU.Build.0 = Debug|Any CPU
		{9642C21E-ACEC-4B29-BF7B-EBE53F63A539}.Release|Any CPU.ActiveCfg = Release|Any CPU
		{9642C21E-ACEC-4B29-BF7B-EBE53F63A539}.Release|Any CPU.Build.0 = Release|Any CPU
		{903A01F6-11D3-482E-9260-97202ABE33E1}.Debug|Any CPU.ActiveCfg = Debug|Any CPU
		{903A01F6-11D3-482E-9260-97202ABE33E1}.Debug|Any CPU.Build.0 = Debug|Any CPU
		{903A01F6-11D3-482E-9260-97202ABE33E1}.Release|Any CPU.ActiveCfg = Release|Any CPU
		{903A01F6-11D3-482E-9260-97202ABE33E1}.Release|Any CPU.Build.0 = Release|Any CPU
		{B4D42B3B-434D-4899-A17F-1B53AA7A94D0}.Debug|Any CPU.ActiveCfg = Debug|Any CPU
		{B4D42B3B-434D-4899-A17F-1B53AA7A94D0}.Debug|Any CPU.Build.0 = Debug|Any CPU
		{B4D42B3B-434D-4899-A17F-1B53AA7A94D0}.Release|Any CPU.ActiveCfg = Release|Any CPU
		{B4D42B3B-434D-4899-A17F-1B53AA7A94D0}.Release|Any CPU.Build.0 = Release|Any CPU
	EndGlobalSection
EndGlobal
